
Microsoft Visual Studio Solution File, Format Version 12.00
# Visual Studio Version 17
VisualStudioVersion = 17.7.34024.191
MinimumVisualStudioVersion = 10.0.40219.1
Project("{9A19103F-16F7-4668-BE54-9A1E7A4F7556}") = "Datvt.LoveStory", "Datvt.LoveStory\Datvt.LoveStory.csproj", "{AE5932DC-B067-4CF6-9DD6-EBD667B89242}"
EndProject
Project("{FAE04EC0-301F-11D3-BF4B-00C04F79EFBC}") = "datvt.LoveStoryV2", "datvt.LoveStoryV2\datvt.LoveStoryV2.csproj", "{0DDC6D3D-D293-44FD-9A8F-6B40390490EC}"
EndProject
Global
	GlobalSection(SolutionConfigurationPlatforms) = preSolution
		Debug|Any CPU = Debug|Any CPU
		Release|Any CPU = Release|Any CPU
	EndGlobalSection
	GlobalSection(ProjectConfigurationPlatforms) = postSolution
		{AE5932DC-B067-4CF6-9DD6-EBD667B89242}.Debug|Any CPU.ActiveCfg = Debug|Any CPU
		{AE5932DC-B067-4CF6-9DD6-EBD667B89242}.Debug|Any CPU.Build.0 = Debug|Any CPU
		{AE5932DC-B067-4CF6-9DD6-EBD667B89242}.Release|Any CPU.ActiveCfg = Release|Any CPU
		{AE5932DC-B067-4CF6-9DD6-EBD667B89242}.Release|Any CPU.Build.0 = Release|Any CPU
		{0DDC6D3D-D293-44FD-9A8F-6B40390490EC}.Debug|Any CPU.ActiveCfg = Debug|Any CPU
		{0DDC6D3D-D293-44FD-9A8F-6B40390490EC}.Debug|Any CPU.Build.0 = Debug|Any CPU
		{0DDC6D3D-D293-44FD-9A8F-6B40390490EC}.Release|Any CPU.ActiveCfg = Release|Any CPU
		{0DDC6D3D-D293-44FD-9A8F-6B40390490EC}.Release|Any CPU.Build.0 = Release|Any CPU
	EndGlobalSection
	GlobalSection(SolutionProperties) = preSolution
		HideSolutionNode = FALSE
	EndGlobalSection
	GlobalSection(ExtensibilityGlobals) = postSolution
		SolutionGuid = {9B79E74E-2982-4B8C-B113-DCF8EF336B43}
	EndGlobalSection
EndGlobal
