
Microsoft Visual Studio Solution File, Format Version 12.00
# Visual Studio Version 17
VisualStudioVersion = 17.7.34024.191
MinimumVisualStudioVersion = 10.0.40219.1
Project("{FAE04EC0-301F-11D3-BF4B-00C04F79EFBC}") = "Geometric.Shapes", "Geometric.Shapes\Geometric.Shapes.csproj", "{F9FA7387-DD14-46AD-BFA3-40CBC8410261}"
EndProject
Global
	GlobalSection(SolutionConfigurationPlatforms) = preSolution
		Debug|Any CPU = Debug|Any CPU
		Release|Any CPU = Release|Any CPU
	EndGlobalSection
	GlobalSection(ProjectConfigurationPlatforms) = postSolution
		{F9FA7387-DD14-46AD-BFA3-40CBC8410261}.Debug|Any CPU.ActiveCfg = Debug|Any CPU
		{F9FA7387-DD14-46AD-BFA3-40CBC8410261}.Debug|Any CPU.Build.0 = Debug|Any CPU
		{F9FA7387-DD14-46AD-BFA3-40CBC8410261}.Release|Any CPU.ActiveCfg = Release|Any CPU
		{F9FA7387-DD14-46AD-BFA3-40CBC8410261}.Release|Any CPU.Build.0 = Release|Any CPU
	EndGlobalSection
	GlobalSection(SolutionProperties) = preSolution
		HideSolutionNode = FALSE
	EndGlobalSection
	GlobalSection(ExtensibilityGlobals) = postSolution
		SolutionGuid = {D04BAC11-8B6F-44C3-AB0B-4BB2E101DADB}
	EndGlobalSection
EndGlobal
