
Microsoft Visual Studio Solution File, Format Version 12.00
# Visual Studio Version 17
VisualStudioVersion = 17.7.34024.191
MinimumVisualStudioVersion = 10.0.40219.1
Project("{9A19103F-16F7-4668-BE54-9A1E7A4F7556}") = "DatVT.Fap.StudentManagement", "DatVT.Fap.StudentManagement\DatVT.Fap.StudentManagement.csproj", "{5CCE69CB-533D-4C38-A766-1A3A7A3662F6}"
EndProject
Project("{FAE04EC0-301F-11D3-BF4B-00C04F79EFBC}") = "DatVT.Fap.CourseManagement", "DatVT.Fap.CourseManagement\DatVT.Fap.CourseManagement.csproj", "{1F5C7CF0-804E-4CE1-AA34-0F45912F0CF3}"
EndProject
Global
	GlobalSection(SolutionConfigurationPlatforms) = preSolution
		Debug|Any CPU = Debug|Any CPU
		Release|Any CPU = Release|Any CPU
	EndGlobalSection
	GlobalSection(ProjectConfigurationPlatforms) = postSolution
		{5CCE69CB-533D-4C38-A766-1A3A7A3662F6}.Debug|Any CPU.ActiveCfg = Debug|Any CPU
		{5CCE69CB-533D-4C38-A766-1A3A7A3662F6}.Debug|Any CPU.Build.0 = Debug|Any CPU
		{5CCE69CB-533D-4C38-A766-1A3A7A3662F6}.Release|Any CPU.ActiveCfg = Release|Any CPU
		{5CCE69CB-533D-4C38-A766-1A3A7A3662F6}.Release|Any CPU.Build.0 = Release|Any CPU
		{1F5C7CF0-804E-4CE1-AA34-0F45912F0CF3}.Debug|Any CPU.ActiveCfg = Debug|Any CPU
		{1F5C7CF0-804E-4CE1-AA34-0F45912F0CF3}.Debug|Any CPU.Build.0 = Debug|Any CPU
		{1F5C7CF0-804E-4CE1-AA34-0F45912F0CF3}.Release|Any CPU.ActiveCfg = Release|Any CPU
		{1F5C7CF0-804E-4CE1-AA34-0F45912F0CF3}.Release|Any CPU.Build.0 = Release|Any CPU
	EndGlobalSection
	GlobalSection(SolutionProperties) = preSolution
		HideSolutionNode = FALSE
	EndGlobalSection
	GlobalSection(ExtensibilityGlobals) = postSolution
		SolutionGuid = {0A1A89D8-8E1D-4D24-851F-2EE16932559B}
	EndGlobalSection
EndGlobal
