
Microsoft Visual Studio Solution File, Format Version 12.00
# Visual Studio Version 17
VisualStudioVersion = 17.7.34024.191
MinimumVisualStudioVersion = 10.0.40219.1
Project("{FAE04EC0-301F-11D3-BF4B-00C04F79EFBC}") = "DatVT.LINQ.V2.StudentMgt", "DatVT.LINQ.V2.StudentMgt\DatVT.LINQ.V2.StudentMgt.csproj", "{7143C8F0-70E7-4EC6-956F-CCDF218BAE46}"
EndProject
Global
	GlobalSection(SolutionConfigurationPlatforms) = preSolution
		Debug|Any CPU = Debug|Any CPU
		Release|Any CPU = Release|Any CPU
	EndGlobalSection
	GlobalSection(ProjectConfigurationPlatforms) = postSolution
		{7143C8F0-70E7-4EC6-956F-CCDF218BAE46}.Debug|Any CPU.ActiveCfg = Debug|Any CPU
		{7143C8F0-70E7-4EC6-956F-CCDF218BAE46}.Debug|Any CPU.Build.0 = Debug|Any CPU
		{7143C8F0-70E7-4EC6-956F-CCDF218BAE46}.Release|Any CPU.ActiveCfg = Release|Any CPU
		{7143C8F0-70E7-4EC6-956F-CCDF218BAE46}.Release|Any CPU.Build.0 = Release|Any CPU
	EndGlobalSection
	GlobalSection(SolutionProperties) = preSolution
		HideSolutionNode = FALSE
	EndGlobalSection
	GlobalSection(ExtensibilityGlobals) = postSolution
		SolutionGuid = {E98558EB-819E-4064-B09D-256763261D6E}
	EndGlobalSection
EndGlobal
